
Microsoft Visual Studio Solution File, Format Version 12.00
# Visual Studio Version 16
VisualStudioVersion = 16.0.32106.194
MinimumVisualStudioVersion = 10.0.40219.1
Project("{FAE04EC0-301F-11D3-BF4B-00C04F79EFBC}") = "Programowanie", "Programowanie\Programowanie.csproj", "{594C69BA-3008-4A6A-87C5-22471E586E30}"
EndProject
Global
	GlobalSection(SolutionConfigurationPlatforms) = preSolution
		Debug|Any CPU = Debug|Any CPU
		Release|Any CPU = Release|Any CPU
	EndGlobalSection
	GlobalSection(ProjectConfigurationPlatforms) = postSolution
		{594C69BA-3008-4A6A-87C5-22471E586E30}.Debug|Any CPU.ActiveCfg = Debug|Any CPU
		{594C69BA-3008-4A6A-87C5-22471E586E30}.Debug|Any CPU.Build.0 = Debug|Any CPU
		{594C69BA-3008-4A6A-87C5-22471E586E30}.Release|Any CPU.ActiveCfg = Release|Any CPU
		{594C69BA-3008-4A6A-87C5-22471E586E30}.Release|Any CPU.Build.0 = Release|Any CPU
	EndGlobalSection
	GlobalSection(SolutionProperties) = preSolution
		HideSolutionNode = FALSE
	EndGlobalSection
	GlobalSection(ExtensibilityGlobals) = postSolution
		SolutionGuid = {2F75714E-DBC6-4DFB-9EE9-45165967318D}
	EndGlobalSection
EndGlobal
